schema: '2.0'
stages:
  data_ingestion:
    cmd: python src/components/data_ingestion.py
    deps:
    - path: src/components/data_ingestion.py
      hash: md5
      md5: 4ccdc050df78e0658ec5fb621dbaaaa6
      size: 2856
    outs:
    - path: artifacts/DataIngestionArtifacts/imb_data.csv
      hash: md5
      md5: 50c0df6093dab2487c21954e0df49a3d
      size: 3135128
    - path: artifacts/DataIngestionArtifacts/raw_data.csv
      hash: md5
      md5: 6ac97bca4efbcac959ef159dc6e105ba
      size: 2433063
  data_validation:
    cmd: python src/components/data_validation.py
    deps:
    - path: artifacts/DataIngestionArtifacts/imb_data.csv
      hash: md5
      md5: 50c0df6093dab2487c21954e0df49a3d
      size: 3135128
    - path: artifacts/DataIngestionArtifacts/raw_data.csv
      hash: md5
      md5: 6ac97bca4efbcac959ef159dc6e105ba
      size: 2433063
    - path: src/components/data_validation.py
      hash: md5
      md5: e40f328e7f1f6177e93ca57547e15205
      size: 3635
    outs:
    - path: artifacts/DataValidationArtifacts/data_validation_report.yaml
      hash: md5
      md5: 99331b3048e08f99293bd544625e1443
      size: 14
  data_transformation:
    cmd: python src/components/data_transformation.py
    deps:
    - path: artifacts/DataIngestionArtifacts/imb_data.csv
      hash: md5
      md5: 50c0df6093dab2487c21954e0df49a3d
      size: 3135128
    - path: artifacts/DataIngestionArtifacts/raw_data.csv
      hash: md5
      md5: 6ac97bca4efbcac959ef159dc6e105ba
      size: 2433063
    - path: artifacts/DataValidationArtifacts/data_validation_report.yaml
      hash: md5
      md5: 99331b3048e08f99293bd544625e1443
      size: 14
    - path: src/components/data_transformation.py
      hash: md5
      md5: 14bde816a3065ba7d4a3a4eb4220de1c
      size: 7992
    outs:
    - path: artifacts/DataTransformationArtifacts/transformed_data.csv
      hash: md5
      md5: 565aafb77a1ef777785d31d60d9c1e18
      size: 3469405
  model_trainer:
    cmd: python src/components/model_trainer.py
    deps:
    - path: artifacts/DataTransformationArtifacts/transformed_data.csv
      hash: md5
      md5: 565aafb77a1ef777785d31d60d9c1e18
      size: 3469405
    - path: src/components/model_trainer.py
      hash: md5
      md5: 14dd03de735db8f4c6179581f7197d60
      size: 9361
    outs:
    - path: artifacts/ModelTrainerArtifacts/model.h5
      hash: md5
      md5: c33a05b9eb83e658681e52fc978d747a
      size: 52686488
    - path: artifacts/ModelTrainerArtifacts/x_test.csv
      hash: md5
      md5: 4621c137bc0dc85710a15b7695b55712
      size: 737381
    - path: artifacts/ModelTrainerArtifacts/x_train.csv
      hash: md5
      md5: 56a17e067bfe49e8148eb1de0c71833e
      size: 2947889
    - path: artifacts/ModelTrainerArtifacts/y_test.csv
      hash: md5
      md5: 8b2ce87fd4118900f5355f3aa3e9358d
      size: 99887
    - path: tokenizer.pickle
      hash: md5
      md5: 914d7d69864cdbdae951529f45e61051
      size: 2253033
  model_evaluation:
    cmd: python src/components/model_evaluation.py
    deps:
    - path: artifacts/ModelTrainerArtifacts/model.h5
      hash: md5
      md5: c33a05b9eb83e658681e52fc978d747a
      size: 52686488
    - path: artifacts/ModelTrainerArtifacts/x_test.csv
      hash: md5
      md5: 4621c137bc0dc85710a15b7695b55712
      size: 737381
    - path: artifacts/ModelTrainerArtifacts/y_test.csv
      hash: md5
      md5: 8b2ce87fd4118900f5355f3aa3e9358d
      size: 99887
    - path: src/components/model_evaluation.py
      hash: md5
      md5: 08a96ff5479cad2d9ab5196bd360d528
      size: 8763
    - path: tokenizer.pickle
      hash: md5
      md5: 914d7d69864cdbdae951529f45e61051
      size: 2253033
    outs:
    - path: artifacts/ModelEvaluationArtifacts/metrics.json
      hash: md5
      md5: 7665a287f47ea2ccdccc8effb7a53b24
      size: 215
